// !$*UTF8*$!
{
	archiveVersion = 1;
	classes = {
	};
	objectVersion = 46;
	objects = {

/* Begin PBXBuildFile section */
		4204216B1CA1BAFB00C1DF0E /* AppDelegate.swift in Sources */ = {isa = PBXBuildFile; fileRef = 4204216A1CA1BAFB00C1DF0E /* AppDelegate.swift */; };
		4204216D1CA1BAFB00C1DF0E /* ViewController.swift in Sources */ = {isa = PBXBuildFile; fileRef = 4204216C1CA1BAFB00C1DF0E /* ViewController.swift */; };
		420421701CA1BAFB00C1DF0E /* Main.storyboard in Resources */ = {isa = PBXBuildFile; fileRef = 4204216E1CA1BAFB00C1DF0E /* Main.storyboard */; };
		420421721CA1BAFB00C1DF0E /* Assets.xcassets in Resources */ = {isa = PBXBuildFile; fileRef = 420421711CA1BAFB00C1DF0E /* Assets.xcassets */; };
		420421751CA1BAFB00C1DF0E /* LaunchScreen.storyboard in Resources */ = {isa = PBXBuildFile; fileRef = 420421731CA1BAFB00C1DF0E /* LaunchScreen.storyboard */; };
		420421801CA1BAFB00C1DF0E /* go_mobile_iosTests.swift in Sources */ = {isa = PBXBuildFile; fileRef = 4204217F1CA1BAFB00C1DF0E /* go_mobile_iosTests.swift */; };
		4204218B1CA1BAFB00C1DF0E /* go_mobile_iosUITests.swift in Sources */ = {isa = PBXBuildFile; fileRef = 4204218A1CA1BAFB00C1DF0E /* go_mobile_iosUITests.swift */; };
/* End PBXBuildFile section */

/* Begin PBXContainerItemProxy section */
		4204217C1CA1BAFB00C1DF0E /* PBXContainerItemProxy */ = {
			isa = PBXContainerItemProxy;
			containerPortal = 4204215F1CA1BAFB00C1DF0E /* Project object */;
			proxyType = 1;
			remoteGlobalIDString = 420421661CA1BAFB00C1DF0E;
			remoteInfo = "go-mobile-ios";
		};
		420421871CA1BAFB00C1DF0E /* PBXContainerItemProxy */ = {
			isa = PBXContainerItemProxy;
			containerPortal = 4204215F1CA1BAFB00C1DF0E /* Project object */;
			proxyType = 1;
			remoteGlobalIDString = 420421661CA1BAFB00C1DF0E;
			remoteInfo = "go-mobile-ios";
		};
/* End PBXContainerItemProxy section */

/* Begin PBXFileReference section */
		420421671CA1BAFB00C1DF0E /* go-mobile-ios.app */ = {isa = PBXFileReference; explicitFileType = wrapper.application; includeInIndex = 0; path = "go-mobile-ios.app"; sourceTree = BUILT_PRODUCTS_DIR; };
		4204216A1CA1BAFB00C1DF0E /* AppDelegate.swift */ = {isa = PBXFileReference; lastKnownFileType = sourcecode.swift; path = AppDelegate.swift; sourceTree = "<group>"; };
		4204216C1CA1BAFB00C1DF0E /* ViewController.swift */ = {isa = PBXFileReference; lastKnownFileType = sourcecode.swift; path = ViewController.swift; sourceTree = "<group>"; };
		4204216F1CA1BAFB00C1DF0E /* Base */ = {isa = PBXFileReference; lastKnownFileType = file.storyboard; name = Base; path = Base.lproj/Main.storyboard; sourceTree = "<group>"; };
		420421711CA1BAFB00C1DF0E /* Assets.xcassets */ = {isa = PBXFileReference; lastKnownFileType = folder.assetcatalog; path = Assets.xcassets; sourceTree = "<group>"; };
		420421741CA1BAFB00C1DF0E /* Base */ = {isa = PBXFileReference; lastKnownFileType = file.storyboard; name = Base; path = Base.lproj/LaunchScreen.storyboard; sourceTree = "<group>"; };
		420421761CA1BAFB00C1DF0E /* Info.plist */ = {isa = PBXFileReference; lastKnownFileType = text.plist.xml; path = Info.plist; sourceTree = "<group>"; };
		4204217B1CA1BAFB00C1DF0E /* go-mobile-iosTests.xctest */ = {isa = PBXFileReference; explicitFileType = wrapper.cfbundle; includeInIndex = 0; path = "go-mobile-iosTests.xctest"; sourceTree = BUILT_PRODUCTS_DIR; };
		4204217F1CA1BAFB00C1DF0E /* go_mobile_iosTests.swift */ = {isa = PBXFileReference; lastKnownFileType = sourcecode.swift; path = go_mobile_iosTests.swift; sourceTree = "<group>"; };
		420421811CA1BAFB00C1DF0E /* Info.plist */ = {isa = PBXFileReference; lastKnownFileType = text.plist.xml; path = Info.plist; sourceTree = "<group>"; };
		420421861CA1BAFB00C1DF0E /* go-mobile-iosUITests.xctest */ = {isa = PBXFileReference; explicitFileType = wrapper.cfbundle; includeInIndex = 0; path = "go-mobile-iosUITests.xctest"; sourceTree = BUILT_PRODUCTS_DIR; };
		4204218A1CA1BAFB00C1DF0E /* go_mobile_iosUITests.swift */ = {isa = PBXFileReference; lastKnownFileType = sourcecode.swift; path = go_mobile_iosUITests.swift; sourceTree = "<group>"; };
		4204218C1CA1BAFB00C1DF0E /* Info.plist */ = {isa = PBXFileReference; lastKnownFileType = text.plist.xml; path = Info.plist; sourceTree = "<group>"; };
/* End PBXFileReference section */

/* Begin PBXFrameworksBuildPhase section */
		420421641CA1BAFB00C1DF0E /* Frameworks */ = {
			isa = PBXFrameworksBuildPhase;
			buildActionMask = 2147483647;
			files = (
			);
			runOnlyForDeploymentPostprocessing = 0;
		};
		420421781CA1BAFB00C1DF0E /* Frameworks */ = {
			isa = PBXFrameworksBuildPhase;
			buildActionMask = 2147483647;
			files = (
			);
			runOnlyForDeploymentPostprocessing = 0;
		};
		420421831CA1BAFB00C1DF0E /* Frameworks */ = {
			isa = PBXFrameworksBuildPhase;
			buildActionMask = 2147483647;
			files = (
			);
			runOnlyForDeploymentPostprocessing = 0;
		};
/* End PBXFrameworksBuildPhase section */

/* Begin PBXGroup section */
		4204215E1CA1BAFB00C1DF0E = {
			isa = PBXGroup;
			children = (
				420421691CA1BAFB00C1DF0E /* go-mobile-ios */,
				4204217E1CA1BAFB00C1DF0E /* go-mobile-iosTests */,
				420421891CA1BAFB00C1DF0E /* go-mobile-iosUITests */,
				420421681CA1BAFB00C1DF0E /* Products */,
			);
			sourceTree = "<group>";
		};
		420421681CA1BAFB00C1DF0E /* Products */ = {
			isa = PBXGroup;
			children = (
				420421671CA1BAFB00C1DF0E /* go-mobile-ios.app */,
				4204217B1CA1BAFB00C1DF0E /* go-mobile-iosTests.xctest */,
				420421861CA1BAFB00C1DF0E /* go-mobile-iosUITests.xctest */,
			);
			name = Products;
			sourceTree = "<group>";
		};
		420421691CA1BAFB00C1DF0E /* go-mobile-ios */ = {
			isa = PBXGroup;
			children = (
				4204216A1CA1BAFB00C1DF0E /* AppDelegate.swift */,
				4204216C1CA1BAFB00C1DF0E /* ViewController.swift */,
				4204216E1CA1BAFB00C1DF0E /* Main.storyboard */,
				420421711CA1BAFB00C1DF0E /* Assets.xcassets */,
				420421731CA1BAFB00C1DF0E /* LaunchScreen.storyboard */,
				420421761CA1BAFB00C1DF0E /* Info.plist */,
			);
			path = "go-mobile-ios";
			sourceTree = "<group>";
		};
		4204217E1CA1BAFB00C1DF0E /* go-mobile-iosTests */ = {
			isa = PBXGroup;
			children = (
				4204217F1CA1BAFB00C1DF0E /* go_mobile_iosTests.swift */,
				420421811CA1BAFB00C1DF0E /* Info.plist */,
			);
			path = "go-mobile-iosTests";
			sourceTree = "<group>";
		};
		420421891CA1BAFB00C1DF0E /* go-mobile-iosUITests */ = {
			isa = PBXGroup;
			children = (
				4204218A1CA1BAFB00C1DF0E /* go_mobile_iosUITests.swift */,
				4204218C1CA1BAFB00C1DF0E /* Info.plist */,
			);
			path = "go-mobile-iosUITests";
			sourceTree = "<group>";
		};
/* End PBXGroup section */

/* Begin PBXNativeTarget section */
		420421661CA1BAFB00C1DF0E /* go-mobile-ios */ = {
			isa = PBXNativeTarget;
			buildConfigurationList = 4204218F1CA1BAFB00C1DF0E /* Build configuration list for PBXNativeTarget "go-mobile-ios" */;
			buildPhases = (
				420421631CA1BAFB00C1DF0E /* Sources */,
				420421641CA1BAFB00C1DF0E /* Frameworks */,
				420421651CA1BAFB00C1DF0E /* Resources */,
			);
			buildRules = (
			);
			dependencies = (
			);
			name = "go-mobile-ios";
			productName = "go-mobile-ios";
			productReference = 420421671CA1BAFB00C1DF0E /* go-mobile-ios.app */;
			productType = "com.apple.product-type.application";
		};
		4204217A1CA1BAFB00C1DF0E /* go-mobile-iosTests */ = {
			isa = PBXNativeTarget;
			buildConfigurationList = 420421921CA1BAFB00C1DF0E /* Build configuration list for PBXNativeTarget "go-mobile-iosTests" */;
			buildPhases = (
				420421771CA1BAFB00C1DF0E /* Sources */,
				420421781CA1BAFB00C1DF0E /* Frameworks */,
				420421791CA1BAFB00C1DF0E /* Resources */,
			);
			buildRules = (
			);
			dependencies = (
				4204217D1CA1BAFB00C1DF0E /* PBXTargetDependency */,
			);
			name = "go-mobile-iosTests";
			productName = "go-mobile-iosTests";
			productReference = 4204217B1CA1BAFB00C1DF0E /* go-mobile-iosTests.xctest */;
			productType = "com.apple.product-type.bundle.unit-test";
		};
		420421851CA1BAFB00C1DF0E /* go-mobile-iosUITests */ = {
			isa = PBXNativeTarget;
			buildConfigurationList = 420421951CA1BAFB00C1DF0E /* Build configuration list for PBXNativeTarget "go-mobile-iosUITests" */;
			buildPhases = (
				420421821CA1BAFB00C1DF0E /* Sources */,
				420421831CA1BAFB00C1DF0E /* Frameworks */,
				420421841CA1BAFB00C1DF0E /* Resources */,
			);
			buildRules = (
			);
			dependencies = (
				420421881CA1BAFB00C1DF0E /* PBXTargetDependency */,
			);
			name = "go-mobile-iosUITests";
			productName = "go-mobile-iosUITests";
			productReference = 420421861CA1BAFB00C1DF0E /* go-mobile-iosUITests.xctest */;
			productType = "com.apple.product-type.bundle.ui-testing";
		};
/* End PBXNativeTarget section */

/* Begin PBXProject section */
		4204215F1CA1BAFB00C1DF0E /* Project object */ = {
			isa = PBXProject;
			attributes = {
				LastSwiftUpdateCheck = 0720;
				LastUpgradeCheck = 0720;
				ORGANIZATIONNAME = "N Jackson";
				TargetAttributes = {
					420421661CA1BAFB00C1DF0E = {
						CreatedOnToolsVersion = 7.2.1;
					};
					4204217A1CA1BAFB00C1DF0E = {
						CreatedOnToolsVersion = 7.2.1;
						TestTargetID = 420421661CA1BAFB00C1DF0E;
					};
					420421851CA1BAFB00C1DF0E = {
						CreatedOnToolsVersion = 7.2.1;
						TestTargetID = 420421661CA1BAFB00C1DF0E;
					};
				};
			};
			buildConfigurationList = 420421621CA1BAFB00C1DF0E /* Build configuration list for PBXProject "go-mobile-ios" */;
			compatibilityVersion = "Xcode 3.2";
			developmentRegion = English;
			hasScannedForEncodings = 0;
			knownRegions = (
				en,
				Base,
			);
			mainGroup = 4204215E1CA1BAFB00C1DF0E;
			productRefGroup = 420421681CA1BAFB00C1DF0E /* Products */;
			projectDirPath = "";
			projectRoot = "";
			targets = (
				420421661CA1BAFB00C1DF0E /* go-mobile-ios */,
				4204217A1CA1BAFB00C1DF0E /* go-mobile-iosTests */,
				420421851CA1BAFB00C1DF0E /* go-mobile-iosUITests */,
			);
		};
/* End PBXProject section */

/* Begin PBXResourcesBuildPhase section */
		420421651CA1BAFB00C1DF0E /* Resources */ = {
			isa = PBXResourcesBuildPhase;
			buildActionMask = 2147483647;
			files = (
				420421751CA1BAFB00C1DF0E /* LaunchScreen.storyboard in Resources */,
				420421721CA1BAFB00C1DF0E /* Assets.xcassets in Resources */,
				420421701CA1BAFB00C1DF0E /* Main.storyboard in Resources */,
			);
			runOnlyForDeploymentPostprocessing = 0;
		};
		420421791CA1BAFB00C1DF0E /* Resources */ = {
			isa = PBXResourcesBuildPhase;
			buildActionMask = 2147483647;
			files = (
			);
			runOnlyForDeploymentPostprocessing = 0;
		};
		420421841CA1BAFB00C1DF0E /* Resources */ = {
			isa = PBXResourcesBuildPhase;
			buildActionMask = 2147483647;
			files = (
			);
			runOnlyForDeploymentPostprocessing = 0;
		};
/* End PBXResourcesBuildPhase section */

/* Begin PBXSourcesBuildPhase section */
		420421631CA1BAFB00C1DF0E /* Sources */ = {
			isa = PBXSourcesBuildPhase;
			buildActionMask = 2147483647;
			files = (
				4204216D1CA1BAFB00C1DF0E /* ViewController.swift in Sources */,
				4204216B1CA1BAFB00C1DF0E /* AppDelegate.swift in Sources */,
			);
			runOnlyForDeploymentPostprocessing = 0;
		};
		420421771CA1BAFB00C1DF0E /* Sources */ = {
			isa = PBXSourcesBuildPhase;
			buildActionMask = 2147483647;
			files = (
				420421801CA1BAFB00C1DF0E /* go_mobile_iosTests.swift in Sources */,
			);
			runOnlyForDeploymentPostprocessing = 0;
		};
		420421821CA1BAFB00C1DF0E /* Sources */ = {
			isa = PBXSourcesBuildPhase;
			buildActionMask = 2147483647;
			files = (
				4204218B1CA1BAFB00C1DF0E /* go_mobile_iosUITests.swift in Sources */,
			);
			runOnlyForDeploymentPostprocessing = 0;
		};
/* End PBXSourcesBuildPhase section */

/* Begin PBXTargetDependency section */
		4204217D1CA1BAFB00C1DF0E /* PBXTargetDependency */ = {
			isa = PBXTargetDependency;
			target = 420421661CA1BAFB00C1DF0E /* go-mobile-ios */;
			targetProxy = 4204217C1CA1BAFB00C1DF0E /* PBXContainerItemProxy */;
		};
		420421881CA1BAFB00C1DF0E /* PBXTargetDependency */ = {
			isa = PBXTargetDependency;
			target = 420421661CA1BAFB00C1DF0E /* go-mobile-ios */;
			targetProxy = 420421871CA1BAFB00C1DF0E /* PBXContainerItemProxy */;
		};
/* End PBXTargetDependency section */

/* Begin PBXVariantGroup section */
		4204216E1CA1BAFB00C1DF0E /* Main.storyboard */ = {
			isa = PBXVariantGroup;
			children = (
				4204216F1CA1BAFB00C1DF0E /* Base */,
			);
			name = Main.storyboard;
			sourceTree = "<group>";
		};
		420421731CA1BAFB00C1DF0E /* LaunchScreen.storyboard */ = {
			isa = PBXVariantGroup;
			children = (
				420421741CA1BAFB00C1DF0E /* Base */,
			);
			name = LaunchScreen.storyboard;
			sourceTree = "<group>";
		};
/* End PBXVariantGroup section */

/* Begin XCBuildConfiguration section */
		4204218D1CA1BAFB00C1DF0E /* Debug */ = {
			isa = XCBuildConfiguration;
			buildSettings = {
				ALWAYS_SEARCH_USER_PATHS = NO;
				CLANG_CXX_LANGUAGE_STANDARD = "gnu++0x";
				CLANG_CXX_LIBRARY = "libc++";
				CLANG_ENABLE_MODULES = YES;
				CLANG_ENABLE_OBJC_ARC = YES;
				CLANG_WARN_BOOL_CONVERSION = YES;
				CLANG_WARN_CONSTANT_CONVERSION = YES;
				CLANG_WARN_DIRECT_OBJC_ISA_USAGE = YES_ERROR;
				CLANG_WARN_EMPTY_BODY = YES;
				CLANG_WARN_ENUM_CONVERSION = YES;
				CLANG_WARN_INT_CONVERSION = YES;
				CLANG_WARN_OBJC_ROOT_CLASS = YES_ERROR;
				CLANG_WARN_UNREACHABLE_CODE = YES;
				CLANG_WARN__DUPLICATE_METHOD_MATCH = YES;
				"CODE_SIGN_IDENTITY[sdk=iphoneos*]" = "iPhone Developer";
				COPY_PHASE_STRIP = NO;
				DEBUG_INFORMATION_FORMAT = dwarf;
				ENABLE_STRICT_OBJC_MSGSEND = YES;
				ENABLE_TESTABILITY = YES;
				GCC_C_LANGUAGE_STANDARD = gnu99;
				GCC_DYNAMIC_NO_PIC = NO;
				GCC_NO_COMMON_BLOCKS = YES;
				GCC_OPTIMIZATION_LEVEL = 0;
				GCC_PREPROCESSOR_DEFINITIONS = (
					"DEBUG=1",
					"$(inherited)",
				);
				GCC_WARN_64_TO_32_BIT_CONVERSION = YES;
				GCC_WARN_ABOUT_RETURN_TYPE = YES_ERROR;
				GCC_WARN_UNDECLARED_SELECTOR = YES;
				GCC_WARN_UNINITIALIZED_AUTOS = YES_AGGRESSIVE;
				GCC_WARN_UNUSED_FUNCTION = YES;
				GCC_WARN_UNUSED_VARIABLE = YES;
				IPHONEOS_DEPLOYMENT_TARGET = 9.2;
				MTL_ENABLE_DEBUG_INFO = YES;
				ONLY_ACTIVE_ARCH = YES;
				SDKROOT = iphoneos;
				SWIFT_OPTIMIZATION_LEVEL = "-Onone";
			};
			name = Debug;
		};
		4204218E1CA1BAFB00C1DF0E /* Release */ = {
			isa = XCBuildConfiguration;
			buildSettings = {
				ALWAYS_SEARCH_USER_PATHS = NO;
				CLANG_CXX_LANGUAGE_STANDARD = "gnu++0x";
				CLANG_CXX_LIBRARY = "libc++";
				CLANG_ENABLE_MODULES = YES;
				CLANG_ENABLE_OBJC_ARC = YES;
				CLANG_WARN_BOOL_CONVERSION = YES;
				CLANG_WARN_CONSTANT_CONVERSION = YES;
				CLANG_WARN_DIRECT_OBJC_ISA_USAGE = YES_ERROR;
				CLANG_WARN_EMPTY_BODY = YES;
				CLANG_WARN_ENUM_CONVERSION = YES;
				CLANG_WARN_INT_CONVERSION = YES;
				CLANG_WARN_OBJC_ROOT_CLASS = YES_ERROR;
				CLANG_WARN_UNREACHABLE_CODE = YES;
				CLANG_WARN__DUPLICATE_METHOD_MATCH = YES;
				"CODE_SIGN_IDENTITY[sdk=iphoneos*]" = "iPhone Developer";
				COPY_PHASE_STRIP = NO;
				DEBUG_INFORMATION_FORMAT = "dwarf-with-dsym";
				ENABLE_NS_ASSERTIONS = NO;
				ENABLE_STRICT_OBJC_MSGSEND = YES;
				GCC_C_LANGUAGE_STANDARD = gnu99;
				GCC_NO_COMMON_BLOCKS = YES;
				GCC_WARN_64_TO_32_BIT_CONVERSION = YES;
				GCC_WARN_ABOUT_RETURN_TYPE = YES_ERROR;
				GCC_WARN_UNDECLARED_SELECTOR = YES;
				GCC_WARN_UNINITIALIZED_AUTOS = YES_AGGRESSIVE;
				GCC_WARN_UNUSED_FUNCTION = YES;
				GCC_WARN_UNUSED_VARIABLE = YES;
				IPHONEOS_DEPLOYMENT_TARGET = 9.2;
				MTL_ENABLE_DEBUG_INFO = NO;
				SDKROOT = iphoneos;
				VALIDATE_PRODUCT = YES;
			};
			name = Release;
		};
		420421901CA1BAFB00C1DF0E /* Debug */ = {
			isa = XCBuildConfiguration;
			buildSettings = {
				ASSETCATALOG_COMPILER_APPICON_NAME = AppIcon;
				INFOPLIST_FILE = "go-mobile-ios/Info.plist";
				LD_RUNPATH_SEARCH_PATHS = "$(inherited) @executable_path/Frameworks";
				PRODUCT_BUNDLE_IDENTIFIER = "com.awesomeblog.go-mobile-ios";
				PRODUCT_NAME = "$(TARGET_NAME)";
			};
			name = Debug;
		};
		420421911CA1BAFB00C1DF0E /* Release */ = {
			isa = XCBuildConfiguration;
			buildSettings = {
				ASSETCATALOG_COMPILER_APPICON_NAME = AppIcon;
				INFOPLIST_FILE = "go-mobile-ios/Info.plist";
				LD_RUNPATH_SEARCH_PATHS = "$(inherited) @executable_path/Frameworks";
				PRODUCT_BUNDLE_IDENTIFIER = "com.awesomeblog.go-mobile-ios";
				PRODUCT_NAME = "$(TARGET_NAME)";
			};
			name = Release;
		};
		420421931CA1BAFB00C1DF0E /* Debug */ = {
			isa = XCBuildConfiguration;
			buildSettings = {
				BUNDLE_LOADER = "$(TEST_HOST)";
				INFOPLIST_FILE = "go-mobile-iosTests/Info.plist";
				LD_RUNPATH_SEARCH_PATHS = "$(inherited) @executable_path/Frameworks @loader_path/Frameworks";
				PRODUCT_BUNDLE_IDENTIFIER = "com.awesomeblog.go-mobile-iosTests";
				PRODUCT_NAME = "$(TARGET_NAME)";
				TEST_HOST = "$(BUILT_PRODUCTS_DIR)/go-mobile-ios.app/go-mobile-ios";
			};
			name = Debug;
		};
		420421941CA1BAFB00C1DF0E /* Release */ = {
			isa = XCBuildConfiguration;
			buildSettings = {
				BUNDLE_LOADER = "$(TEST_HOST)";
				INFOPLIST_FILE = "go-mobile-iosTests/Info.plist";
				LD_RUNPATH_SEARCH_PATHS = "$(inherited) @executable_path/Frameworks @loader_path/Frameworks";
				PRODUCT_BUNDLE_IDENTIFIER = "com.awesomeblog.go-mobile-iosTests";
				PRODUCT_NAME = "$(TARGET_NAME)";
				TEST_HOST = "$(BUILT_PRODUCTS_DIR)/go-mobile-ios.app/go-mobile-ios";
			};
			name = Release;
		};
		420421961CA1BAFB00C1DF0E /* Debug */ = {
			isa = XCBuildConfiguration;
			buildSettings = {
				INFOPLIST_FILE = "go-mobile-iosUITests/Info.plist";
				LD_RUNPATH_SEARCH_PATHS = "$(inherited) @executable_path/Frameworks @loader_path/Frameworks";
				PRODUCT_BUNDLE_IDENTIFIER = "com.awesomeblog.go-mobile-iosUITests";
				PRODUCT_NAME = "$(TARGET_NAME)";
				TEST_TARGET_NAME = "go-mobile-ios";
				USES_XCTRUNNER = YES;
			};
			name = Debug;
		};
		420421971CA1BAFB00C1DF0E /* Release */ = {
			isa = XCBuildConfiguration;
			buildSettings = {
				INFOPLIST_FILE = "go-mobile-iosUITests/Info.plist";
				LD_RUNPATH_SEARCH_PATHS = "$(inherited) @executable_path/Frameworks @loader_path/Frameworks";
				PRODUCT_BUNDLE_IDENTIFIER = "com.awesomeblog.go-mobile-iosUITests";
				PRODUCT_NAME = "$(TARGET_NAME)";
				TEST_TARGET_NAME = "go-mobile-ios";
				USES_XCTRUNNER = YES;
			};
			name = Release;
		};
/* End XCBuildConfiguration section */

/* Begin XCConfigurationList section */
		420421621CA1BAFB00C1DF0E /* Build configuration list for PBXProject "go-mobile-ios" */ = {
			isa = XCConfigurationList;
			buildConfigurations = (
				4204218D1CA1BAFB00C1DF0E /* Debug */,
				4204218E1CA1BAFB00C1DF0E /* Release */,
			);
			defaultConfigurationIsVisible = 0;
			defaultConfigurationName = Release;
		};
		4204218F1CA1BAFB00C1DF0E /* Build configuration list for PBXNativeTarget "go-mobile-ios" */ = {
			isa = XCConfigurationList;
			buildConfigurations = (
				420421901CA1BAFB00C1DF0E /* Debug */,
				420421911CA1BAFB00C1DF0E /* Release */,
			);
			defaultConfigurationIsVisible = 0;
		};
		420421921CA1BAFB00C1DF0E /* Build configuration list for PBXNativeTarget "go-mobile-iosTests" */ = {
			isa = XCConfigurationList;
			buildConfigurations = (
				420421931CA1BAFB00C1DF0E /* Debug */,
				420421941CA1BAFB00C1DF0E /* Release */,
			);
			defaultConfigurationIsVisible = 0;
		};
		420421951CA1BAFB00C1DF0E /* Build configuration list for PBXNativeTarget "go-mobile-iosUITests" */ = {
			isa = XCConfigurationList;
			buildConfigurations = (
				420421961CA1BAFB00C1DF0E /* Debug */,
				420421971CA1BAFB00C1DF0E /* Release */,
			);
			defaultConfigurationIsVisible = 0;
		};
/* End XCConfigurationList section */
	};
	rootObject = 4204215F1CA1BAFB00C1DF0E /* Project object */;
}
